// !$*UTF8*$!
{
	archiveVersion = 1;
	classes = {
	};
	objectVersion = 50;
	objects = {

/* Begin PBXBuildFile section */
		ADD47DF725DFDE3400B27577 /* AppDelegate.m in Sources */ = {isa = PBXBuildFile; fileRef = ADD47DF625DFDE3400B27577 /* AppDelegate.m */; };
		ADD47DFA25DFDE3400B27577 /* SceneDelegate.m in Sources */ = {isa = PBXBuildFile; fileRef = ADD47DF925DFDE3400B27577 /* SceneDelegate.m */; };
		ADD47DFD25DFDE3400B27577 /* ViewController.m in Sources */ = {isa = PBXBuildFile; fileRef = ADD47DFC25DFDE3400B27577 /* ViewController.m */; };
		ADD47E0025DFDE3400B27577 /* Main.storyboard in Resources */ = {isa = PBXBuildFile; fileRef = ADD47DFE25DFDE3400B27577 /* Main.storyboard */; };
		ADD47E0225DFDE3500B27577 /* Assets.xcassets in Resources */ = {isa = PBXBuildFile; fileRef = ADD47E0125DFDE3500B27577 /* Assets.xcassets */; };
		ADD47E0525DFDE3500B27577 /* LaunchScreen.storyboard in Resources */ = {isa = PBXBuildFile; fileRef = ADD47E0325DFDE3500B27577 /* LaunchScreen.storyboard */; };
		ADD47E0825DFDE3500B27577 /* main.m in Sources */ = {isa = PBXBuildFile; fileRef = ADD47E0725DFDE3500B27577 /* main.m */; };
/* End PBXBuildFile section */

/* Begin PBXFileReference section */
		ADD47DF225DFDE3400B27577 /* SwipeToClose.app */ = {isa = PBXFileReference; explicitFileType = wrapper.application; includeInIndex = 0; path = SwipeToClose.app; sourceTree = BUILT_PRODUCTS_DIR; };
		ADD47DF525DFDE3400B27577 /* AppDelegate.h */ = {isa = PBXFileReference; lastKnownFileType = sourcecode.c.h; path = AppDelegate.h; sourceTree = "<group>"; };
		ADD47DF625DFDE3400B27577 /* AppDelegate.m */ = {isa = PBXFileReference; lastKnownFileType = sourcecode.c.objc; path = AppDelegate.m; sourceTree = "<group>"; };
		ADD47DF825DFDE3400B27577 /* SceneDelegate.h */ = {isa = PBXFileReference; lastKnownFileType = sourcecode.c.h; path = SceneDelegate.h; sourceTree = "<group>"; };
		ADD47DF925DFDE3400B27577 /* SceneDelegate.m */ = {isa = PBXFileReference; lastKnownFileType = sourcecode.c.objc; path = SceneDelegate.m; sourceTree = "<group>"; };
		ADD47DFB25DFDE3400B27577 /* ViewController.h */ = {isa = PBXFileReference; lastKnownFileType = sourcecode.c.h; path = ViewController.h; sourceTree = "<group>"; };
		ADD47DFC25DFDE3400B27577 /* ViewController.m */ = {isa = PBXFileReference; lastKnownFileType = sourcecode.c.objc; path = ViewController.m; sourceTree = "<group>"; };
		ADD47DFF25DFDE3400B27577 /* Base */ = {isa = PBXFileReference; lastKnownFileType = file.storyboard; name = Base; path = Base.lproj/Main.storyboard; sourceTree = "<group>"; };
		ADD47E0125DFDE3500B27577 /* Assets.xcassets */ = {isa = PBXFileReference; lastKnownFileType = folder.assetcatalog; path = Assets.xcassets; sourceTree = "<group>"; };
		ADD47E0425DFDE3500B27577 /* Base */ = {isa = PBXFileReference; lastKnownFileType = file.storyboard; name = Base; path = Base.lproj/LaunchScreen.storyboard; sourceTree = "<group>"; };
		ADD47E0625DFDE3500B27577 /* Info.plist */ = {isa = PBXFileReference; lastKnownFileType = text.plist.xml; path = Info.plist; sourceTree = "<group>"; };
		ADD47E0725DFDE3500B27577 /* main.m */ = {isa = PBXFileReference; lastKnownFileType = sourcecode.c.objc; path = main.m; sourceTree = "<group>"; };
/* End PBXFileReference section */

/* Begin PBXFrameworksBuildPhase section */
		ADD47DEF25DFDE3400B27577 /* Frameworks */ = {
			isa = PBXFrameworksBuildPhase;
			buildActionMask = 2147483647;
			files = (
			);
			runOnlyForDeploymentPostprocessing = 0;
		};
/* End PBXFrameworksBuildPhase section */

/* Begin PBXGroup section */
		ADD47DE925DFDE3400B27577 = {
			isa = PBXGroup;
			children = (
				ADD47DF425DFDE3400B27577 /* SwipeToClose */,
				ADD47DF325DFDE3400B27577 /* Products */,
			);
			sourceTree = "<group>";
		};
		ADD47DF325DFDE3400B27577 /* Products */ = {
			isa = PBXGroup;
			children = (
				ADD47DF225DFDE3400B27577 /* SwipeToClose.app */,
			);
			name = Products;
			sourceTree = "<group>";
		};
		ADD47DF425DFDE3400B27577 /* SwipeToClose */ = {
			isa = PBXGroup;
			children = (
				ADD47DF525DFDE3400B27577 /* AppDelegate.h */,
				ADD47DF625DFDE3400B27577 /* AppDelegate.m */,
				ADD47DF825DFDE3400B27577 /* SceneDelegate.h */,
				ADD47DF925DFDE3400B27577 /* SceneDelegate.m */,
				ADD47DFB25DFDE3400B27577 /* ViewController.h */,
				ADD47DFC25DFDE3400B27577 /* ViewController.m */,
				ADD47DFE25DFDE3400B27577 /* Main.storyboard */,
				ADD47E0125DFDE3500B27577 /* Assets.xcassets */,
				ADD47E0325DFDE3500B27577 /* LaunchScreen.storyboard */,
				ADD47E0625DFDE3500B27577 /* Info.plist */,
				ADD47E0725DFDE3500B27577 /* main.m */,
			);
			path = SwipeToClose;
			sourceTree = "<group>";
		};
/* End PBXGroup section */

/* Begin PBXNativeTarget section */
		ADD47DF125DFDE3400B27577 /* SwipeToClose */ = {
			isa = PBXNativeTarget;
			buildConfigurationList = ADD47E0B25DFDE3500B27577 /* Build configuration list for PBXNativeTarget "SwipeToClose" */;
			buildPhases = (
				ADD47DEE25DFDE3400B27577 /* Sources */,
				ADD47DEF25DFDE3400B27577 /* Frameworks */,
				ADD47DF025DFDE3400B27577 /* Resources */,
			);
			buildRules = (
			);
			dependencies = (
			);
			name = SwipeToClose;
			productName = SwipeToClose;
			productReference = ADD47DF225DFDE3400B27577 /* SwipeToClose.app */;
			productType = "com.apple.product-type.application";
		};
/* End PBXNativeTarget section */

/* Begin PBXProject section */
		ADD47DEA25DFDE3400B27577 /* Project object */ = {
			isa = PBXProject;
			attributes = {
				LastUpgradeCheck = 1240;
				TargetAttributes = {
					ADD47DF125DFDE3400B27577 = {
						CreatedOnToolsVersion = 12.4;
					};
				};
			};
			buildConfigurationList = ADD47DED25DFDE3400B27577 /* Build configuration list for PBXProject "SwipeToClose" */;
			compatibilityVersion = "Xcode 9.3";
			developmentRegion = en;
			hasScannedForEncodings = 0;
			knownRegions = (
				en,
				Base,
			);
			mainGroup = ADD47DE925DFDE3400B27577;
			productRefGroup = ADD47DF325DFDE3400B27577 /* Products */;
			projectDirPath = "";
			projectRoot = "";
			targets = (
				ADD47DF125DFDE3400B27577 /* SwipeToClose */,
			);
		};
/* End PBXProject section */

/* Begin PBXResourcesBuildPhase section */
		ADD47DF025DFDE3400B27577 /* Resources */ = {
			isa = PBXResourcesBuildPhase;
			buildActionMask = 2147483647;
			files = (
				ADD47E0525DFDE3500B27577 /* LaunchScreen.storyboard in Resources */,
				ADD47E0225DFDE3500B27577 /* Assets.xcassets in Resources */,
				ADD47E0025DFDE3400B27577 /* Main.storyboard in Resources */,
			);
			runOnlyForDeploymentPostprocessing = 0;
		};
/* End PBXResourcesBuildPhase section */

/* Begin PBXSourcesBuildPhase section */
		ADD47DEE25DFDE3400B27577 /* Sources */ = {
			isa = PBXSourcesBuildPhase;
			buildActionMask = 2147483647;
			files = (
				ADD47DFD25DFDE3400B27577 /* ViewController.m in Sources */,
				ADD47DF725DFDE3400B27577 /* AppDelegate.m in Sources */,
				ADD47E0825DFDE3500B27577 /* main.m in Sources */,
				ADD47DFA25DFDE3400B27577 /* SceneDelegate.m in Sources */,
			);
			runOnlyForDeploymentPostprocessing = 0;
		};
/* End PBXSourcesBuildPhase section */

/* Begin PBXVariantGroup section */
		ADD47DFE25DFDE3400B27577 /* Main.storyboard */ = {
			isa = PBXVariantGroup;
			children = (
				ADD47DFF25DFDE3400B27577 /* Base */,
			);
			name = Main.storyboard;
			sourceTree = "<group>";
		};
		ADD47E0325DFDE3500B27577 /* LaunchScreen.storyboard */ = {
			isa = PBXVariantGroup;
			children = (
				ADD47E0425DFDE3500B27577 /* Base */,
			);
			name = LaunchScreen.storyboard;
			sourceTree = "<group>";
		};
/* End PBXVariantGroup section */

/* Begin XCBuildConfiguration section */
		ADD47E0925DFDE3500B27577 /* Debug */ = {
			isa = XCBuildConfiguration;
			buildSettings = {
				ALWAYS_SEARCH_USER_PATHS = NO;
				CLANG_ANALYZER_NONNULL = YES;
				CLANG_ANALYZER_NUMBER_OBJECT_CONVERSION = YES_AGGRESSIVE;
				CLANG_CXX_LANGUAGE_STANDARD = "gnu++14";
				CLANG_CXX_LIBRARY = "libc++";
				CLANG_ENABLE_MODULES = YES;
				CLANG_ENABLE_OBJC_ARC = YES;
				CLANG_ENABLE_OBJC_WEAK = YES;
				CLANG_WARN_BLOCK_CAPTURE_AUTORELEASING = YES;
				CLANG_WARN_BOOL_CONVERSION = YES;
				CLANG_WARN_COMMA = YES;
				CLANG_WARN_CONSTANT_CONVERSION = YES;
				CLANG_WARN_DEPRECATED_OBJC_IMPLEMENTATIONS = YES;
				CLANG_WARN_DIRECT_OBJC_ISA_USAGE = YES_ERROR;
				CLANG_WARN_DOCUMENTATION_COMMENTS = YES;
				CLANG_WARN_EMPTY_BODY = YES;
				CLANG_WARN_ENUM_CONVERSION = YES;
				CLANG_WARN_INFINITE_RECURSION = YES;
				CLANG_WARN_INT_CONVERSION = YES;
				CLANG_WARN_NON_LITERAL_NULL_CONVERSION = YES;
				CLANG_WARN_OBJC_IMPLICIT_RETAIN_SELF = YES;
				CLANG_WARN_OBJC_LITERAL_CONVERSION = YES;
				CLANG_WARN_OBJC_ROOT_CLASS = YES_ERROR;
				CLANG_WARN_QUOTED_INCLUDE_IN_FRAMEWORK_HEADER = YES;
				CLANG_WARN_RANGE_LOOP_ANALYSIS = YES;
				CLANG_WARN_STRICT_PROTOTYPES = YES;
				CLANG_WARN_SUSPICIOUS_MOVE = YES;
				CLANG_WARN_UNGUARDED_AVAILABILITY = YES_AGGRESSIVE;
				CLANG_WARN_UNREACHABLE_CODE = YES;
				CLANG_WARN__DUPLICATE_METHOD_MATCH = YES;
				COPY_PHASE_STRIP = NO;
				DEBUG_INFORMATION_FORMAT = dwarf;
				ENABLE_STRICT_OBJC_MSGSEND = YES;
				ENABLE_TESTABILITY = YES;
				GCC_C_LANGUAGE_STANDARD = gnu11;
				GCC_DYNAMIC_NO_PIC = NO;
				GCC_NO_COMMON_BLOCKS = YES;
				GCC_OPTIMIZATION_LEVEL = 0;
				GCC_PREPROCESSOR_DEFINITIONS = (
					"DEBUG=1",
					"$(inherited)",
				);
				GCC_WARN_64_TO_32_BIT_CONVERSION = YES;
				GCC_WARN_ABOUT_RETURN_TYPE = YES_ERROR;
				GCC_WARN_UNDECLARED_SELECTOR = YES;
				GCC_WARN_UNINITIALIZED_AUTOS = YES_AGGRESSIVE;
				GCC_WARN_UNUSED_FUNCTION = YES;
				GCC_WARN_UNUSED_VARIABLE = YES;
				IPHONEOS_DEPLOYMENT_TARGET = 14.4;
				MTL_ENABLE_DEBUG_INFO = INCLUDE_SOURCE;
				MTL_FAST_MATH = YES;
				ONLY_ACTIVE_ARCH = YES;
				SDKROOT = iphoneos;
			};
			name = Debug;
		};
		ADD47E0A25DFDE3500B27577 /* Release */ = {
			isa = XCBuildConfiguration;
			buildSettings = {
				ALWAYS_SEARCH_USER_PATHS = NO;
				CLANG_ANALYZER_NONNULL = YES;
				CLANG_ANALYZER_NUMBER_OBJECT_CONVERSION = YES_AGGRESSIVE;
				CLANG_CXX_LANGUAGE_STANDARD = "gnu++14";
				CLANG_CXX_LIBRARY = "libc++";
				CLANG_ENABLE_MODULES = YES;
				CLANG_ENABLE_OBJC_ARC = YES;
				CLANG_ENABLE_OBJC_WEAK = YES;
				CLANG_WARN_BLOCK_CAPTURE_AUTORELEASING = YES;
				CLANG_WARN_BOOL_CONVERSION = YES;
				CLANG_WARN_COMMA = YES;
				CLANG_WARN_CONSTANT_CONVERSION = YES;
				CLANG_WARN_DEPRECATED_OBJC_IMPLEMENTATIONS = YES;
				CLANG_WARN_DIRECT_OBJC_ISA_USAGE = YES_ERROR;
				CLANG_WARN_DOCUMENTATION_COMMENTS = YES;
				CLANG_WARN_EMPTY_BODY = YES;
				CLANG_WARN_ENUM_CONVERSION = YES;
				CLANG_WARN_INFINITE_RECURSION = YES;
				CLANG_WARN_INT_CONVERSION = YES;
				CLANG_WARN_NON_LITERAL_NULL_CONVERSION = YES;
				CLANG_WARN_OBJC_IMPLICIT_RETAIN_SELF = YES;
				CLANG_WARN_OBJC_LITERAL_CONVERSION = YES;
				CLANG_WARN_OBJC_ROOT_CLASS = YES_ERROR;
				CLANG_WARN_QUOTED_INCLUDE_IN_FRAMEWORK_HEADER = YES;
				CLANG_WARN_RANGE_LOOP_ANALYSIS = YES;
				CLANG_WARN_STRICT_PROTOTYPES = YES;
				CLANG_WARN_SUSPICIOUS_MOVE = YES;
				CLANG_WARN_UNGUARDED_AVAILABILITY = YES_AGGRESSIVE;
				CLANG_WARN_UNREACHABLE_CODE = YES;
				CLANG_WARN__DUPLICATE_METHOD_MATCH = YES;
				COPY_PHASE_STRIP = NO;
				DEBUG_INFORMATION_FORMAT = "dwarf-with-dsym";
				ENABLE_NS_ASSERTIONS = NO;
				ENABLE_STRICT_OBJC_MSGSEND = YES;
				GCC_C_LANGUAGE_STANDARD = gnu11;
				GCC_NO_COMMON_BLOCKS = YES;
				GCC_WARN_64_TO_32_BIT_CONVERSION = YES;
				GCC_WARN_ABOUT_RETURN_TYPE = YES_ERROR;
				GCC_WARN_UNDECLARED_SELECTOR = YES;
				GCC_WARN_UNINITIALIZED_AUTOS = YES_AGGRESSIVE;
				GCC_WARN_UNUSED_FUNCTION = YES;
				GCC_WARN_UNUSED_VARIABLE = YES;
				IPHONEOS_DEPLOYMENT_TARGET = 14.4;
				MTL_ENABLE_DEBUG_INFO = NO;
				MTL_FAST_MATH = YES;
				SDKROOT = iphoneos;
				VALIDATE_PRODUCT = YES;
			};
			name = Release;
		};
		ADD47E0C25DFDE3500B27577 /* Debug */ = {
			isa = XCBuildConfiguration;
			buildSettings = {
				ASSETCATALOG_COMPILER_APPICON_NAME = AppIcon;
				ASSETCATALOG_COMPILER_GLOBAL_ACCENT_COLOR_NAME = AccentColor;
				CODE_SIGN_STYLE = Automatic;
				DEVELOPMENT_TEAM = Y28X3YR8R9;
				INFOPLIST_FILE = SwipeToClose/Info.plist;
				LD_RUNPATH_SEARCH_PATHS = (
					"$(inherited)",
					"@executable_path/Frameworks",
				);
				PRODUCT_BUNDLE_IDENTIFIER = org.un.SwipeToClose;
				PRODUCT_NAME = "$(TARGET_NAME)";
				TARGETED_DEVICE_FAMILY = "1,2";
			};
			name = Debug;
		};
		ADD47E0D25DFDE3500B27577 /* Release */ = {
			isa = XCBuildConfiguration;
			buildSettings = {
				ASSETCATALOG_COMPILER_APPICON_NAME = AppIcon;
				ASSETCATALOG_COMPILER_GLOBAL_ACCENT_COLOR_NAME = AccentColor;
				CODE_SIGN_STYLE = Automatic;
				DEVELOPMENT_TEAM = Y28X3YR8R9;
				INFOPLIST_FILE = SwipeToClose/Info.plist;
				LD_RUNPATH_SEARCH_PATHS = (
					"$(inherited)",
					"@executable_path/Frameworks",
				);
				PRODUCT_BUNDLE_IDENTIFIER = org.un.SwipeToClose;
				PRODUCT_NAME = "$(TARGET_NAME)";
				TARGETED_DEVICE_FAMILY = "1,2";
			};
			name = Release;
		};
/* End XCBuildConfiguration section */

/* Begin XCConfigurationList section */
		ADD47DED25DFDE3400B27577 /* Build configuration list for PBXProject "SwipeToClose" */ = {
			isa = XCConfigurationList;
			buildConfigurations = (
				ADD47E0925DFDE3500B27577 /* Debug */,
				ADD47E0A25DFDE3500B27577 /* Release */,
			);
			defaultConfigurationIsVisible = 0;
			defaultConfigurationName = Release;
		};
		ADD47E0B25DFDE3500B27577 /* Build configuration list for PBXNativeTarget "SwipeToClose" */ = {
			isa = XCConfigurationList;
			buildConfigurations = (
				ADD47E0C25DFDE3500B27577 /* Debug */,
				ADD47E0D25DFDE3500B27577 /* Release */,
			);
			defaultConfigurationIsVisible = 0;
			defaultConfigurationName = Release;
		};
/* End XCConfigurationList section */
	};
	rootObject = ADD47DEA25DFDE3400B27577 /* Project object */;
}
